
Microsoft Visual Studio Solution File, Format Version 12.00
# Visual Studio Version 17
VisualStudioVersion = 17.12.35521.163 d17.12
MinimumVisualStudioVersion = 10.0.40219.1
Project("{FAE04EC0-301F-11D3-BF4B-00C04F79EFBC}") = "Simulator", "Simulator\Simulator.csproj", "{DA24B37B-D687-4204-9BA8-F3A36D06FE45}"
EndProject
Global
	GlobalSection(SolutionConfigurationPlatforms) = preSolution
		Debug|Any CPU = Debug|Any CPU
		Release|Any CPU = Release|Any CPU
	EndGlobalSection
	GlobalSection(ProjectConfigurationPlatforms) = postSolution
		{DA24B37B-D687-4204-9BA8-F3A36D06FE45}.Debug|Any CPU.ActiveCfg = Debug|Any CPU
		{DA24B37B-D687-4204-9BA8-F3A36D06FE45}.Debug|Any CPU.Build.0 = Debug|Any CPU
		{DA24B37B-D687-4204-9BA8-F3A36D06FE45}.Release|Any CPU.ActiveCfg = Release|Any CPU
		{DA24B37B-D687-4204-9BA8-F3A36D06FE45}.Release|Any CPU.Build.0 = Release|Any CPU
	EndGlobalSection
	GlobalSection(SolutionProperties) = preSolution
		HideSolutionNode = FALSE
	EndGlobalSection
EndGlobal
